{
  "nodes": {
    "nixpkgs": {
      "locked": {
        "lastModified": 1721138476,
        "narHash": "sha256-+W5eZOhhemLQxelojLxETfbFbc19NWawsXBlapYpqIA=",
        "owner": "NixOS",
        "repo": "nixpkgs",
        "rev": "ad0b5eed1b6031efaed382844806550c3dcb4206",
        "type": "github"
      },
      "original": {
        "owner": "NixOS",
        "ref": "nixos-unstable",
        "repo": "nixpkgs",
        "type": "github"
      }
    },
    "parcelr": {
      "inputs": {
        "nixpkgs": [
          "nixpkgs"
        ]
      },
      "locked": {
        "lastModified": 1721418308,
        "narHash": "sha256-aPBgbX0cJWoQ0dtc0Z6aCNaDG1mFvHnHj5Lxvs8Y33Q=",
        "owner": "Astavie",
        "repo": "parcelr",
        "rev": "2f8e3d86fee3d0487c4ab77288a434561d3084d0",
        "type": "github"
      },
      "original": {
        "owner": "Astavie",
        "repo": "parcelr",
        "type": "github"
      }
    },
    "root": {
      "inputs": {
        "nixpkgs": "nixpkgs",
        "parcelr": "parcelr"
      }
    }
  },
  "root": "root",
  "version": 7
}
