{
  "nodes": {
    "astapkgs": {
      "inputs": {
        "fenix": "fenix",
        "nixpkgs": [
          "nixpkgs"
        ]
      },
      "locked": {
        "lastModified": 1706745225,
        "narHash": "sha256-u8qucAzl2YjKT85F1WdiEyX/G5gpZnGm0f748zWK0sM=",
        "owner": "Astavie",
        "repo": "astapkgs",
        "rev": "a3deb545ea3e6b5d65239fe2174481a413648cee",
        "type": "github"
      },
      "original": {
        "owner": "Astavie",
        "repo": "astapkgs",
        "type": "github"
      }
    },
    "fenix": {
      "inputs": {
        "nixpkgs": [
          "astapkgs",
          "nixpkgs"
        ],
        "rust-analyzer-src": "rust-analyzer-src"
      },
      "locked": {
        "lastModified": 1695018106,
        "narHash": "sha256-kZd7//cau0fRFqokaC9olL82j60c02yQH3sGAPSAm6Q=",
        "owner": "nix-community",
        "repo": "fenix",
        "rev": "529f3af3d0e02a7b474c427464b166c36c531c4e",
        "type": "github"
      },
      "original": {
        "owner": "nix-community",
        "repo": "fenix",
        "type": "github"
      }
    },
    "nixpkgs": {
      "locked": {
        "lastModified": 1707039165,
        "narHash": "sha256-2p9VEcmcA/WZQwIW44As8KdnuSBZgusGbLy4J5aNph8=",
        "owner": "NixOS",
        "repo": "nixpkgs",
        "rev": "6a31cd61a26fb6ad84615aa23bd564547fd8b968",
        "type": "github"
      },
      "original": {
        "owner": "NixOS",
        "ref": "release-23.11",
        "repo": "nixpkgs",
        "type": "github"
      }
    },
    "root": {
      "inputs": {
        "astapkgs": "astapkgs",
        "nixpkgs": "nixpkgs"
      }
    },
    "rust-analyzer-src": {
      "flake": false,
      "locked": {
        "lastModified": 1694973195,
        "narHash": "sha256-+d/GW4MyksvJmNoQLJMpKxApuZTVwaT+yuxxR/Cc/BE=",
        "owner": "rust-lang",
        "repo": "rust-analyzer",
        "rev": "05666441bafd6010787a4097a6bd44266ad21018",
        "type": "github"
      },
      "original": {
        "owner": "rust-lang",
        "ref": "nightly",
        "repo": "rust-analyzer",
        "type": "github"
      }
    }
  },
  "root": "root",
  "version": 7
}
